
Microsoft Visual Studio Solution File, Format Version 12.00
# Visual Studio Version 16
VisualStudioVersion = 16.0.31229.75
MinimumVisualStudioVersion = 10.0.40219.1
Project("{FAE04EC0-301F-11D3-BF4B-00C04F79EFBC}") = "KisiselWebSitesi", "KisiselWebSitesi\KisiselWebSitesi.csproj", "{E7C36FD3-03B9-4027-8A47-447AC60495E4}"
EndProject
Global
	GlobalSection(SolutionConfigurationPlatforms) = preSolution
		Debug|Any CPU = Debug|Any CPU
		Release|Any CPU = Release|Any CPU
	EndGlobalSection
	GlobalSection(ProjectConfigurationPlatforms) = postSolution
		{E7C36FD3-03B9-4027-8A47-447AC60495E4}.Debug|Any CPU.ActiveCfg = Debug|Any CPU
		{E7C36FD3-03B9-4027-8A47-447AC60495E4}.Debug|Any CPU.Build.0 = Debug|Any CPU
		{E7C36FD3-03B9-4027-8A47-447AC60495E4}.Release|Any CPU.ActiveCfg = Release|Any CPU
		{E7C36FD3-03B9-4027-8A47-447AC60495E4}.Release|Any CPU.Build.0 = Release|Any CPU
	EndGlobalSection
	GlobalSection(SolutionProperties) = preSolution
		HideSolutionNode = FALSE
	EndGlobalSection
	GlobalSection(ExtensibilityGlobals) = postSolution
		SolutionGuid = {E4EE64B6-563E-4B2F-AC29-191BFD513307}
	EndGlobalSection
EndGlobal
